Microsoft Visual Studio Solution File, Format Version 12.00
# Visual Studio 15
VisualStudioVersion = 15.0.26124.0
MinimumVisualStudioVersion = 15.0.26124.0
Project("{9A19103F-16F7-4668-BE54-9A1E7A4F7556}") = "PaymentechCore", "PaymentechCore\PaymentechCore.csproj", "{DE40553C-922F-4091-B245-5A93236248EA}"
EndProject
Project("{FAE04EC0-301F-11D3-BF4B-00C04F79EFBC}") = "PaymentechCoreTests", "PaymentechCoreTests\PaymentechCoreTests.csproj", "{95850E7B-E218-40A2-B945-C69E9AF52334}"
EndProject
Global
	GlobalSection(SolutionConfigurationPlatforms) = preSolution
		Debug|Any CPU = Debug|Any CPU
		Debug|x64 = Debug|x64
		Debug|x86 = Debug|x86
		Release|Any CPU = Release|Any CPU
		Release|x64 = Release|x64
		Release|x86 = Release|x86
	EndGlobalSection
	GlobalSection(ProjectConfigurationPlatforms) = postSolution
		{DE40553C-922F-4091-B245-5A93236248EA}.Debug|Any CPU.ActiveCfg = Debug|Any CPU
		{DE40553C-922F-4091-B245-5A93236248EA}.Debug|Any CPU.Build.0 = Debug|Any CPU
		{DE40553C-922F-4091-B245-5A93236248EA}.Debug|x64.ActiveCfg = Debug|Any CPU
		{DE40553C-922F-4091-B245-5A93236248EA}.Debug|x64.Build.0 = Debug|Any CPU
		{DE40553C-922F-4091-B245-5A93236248EA}.Debug|x86.ActiveCfg = Debug|Any CPU
		{DE40553C-922F-4091-B245-5A93236248EA}.Debug|x86.Build.0 = Debug|Any CPU
		{DE40553C-922F-4091-B245-5A93236248EA}.Release|Any CPU.ActiveCfg = Release|Any CPU
		{DE40553C-922F-4091-B245-5A93236248EA}.Release|Any CPU.Build.0 = Release|Any CPU
		{DE40553C-922F-4091-B245-5A93236248EA}.Release|x64.ActiveCfg = Release|Any CPU
		{DE40553C-922F-4091-B245-5A93236248EA}.Release|x64.Build.0 = Release|Any CPU
		{DE40553C-922F-4091-B245-5A93236248EA}.Release|x86.ActiveCfg = Release|Any CPU
		{DE40553C-922F-4091-B245-5A93236248EA}.Release|x86.Build.0 = Release|Any CPU
		{4E4F61B4-CA02-49BA-9BB0-6171000D4B61}.Debug|Any CPU.ActiveCfg = Debug|Any CPU
		{4E4F61B4-CA02-49BA-9BB0-6171000D4B61}.Debug|Any CPU.Build.0 = Debug|Any CPU
		{4E4F61B4-CA02-49BA-9BB0-6171000D4B61}.Debug|x64.ActiveCfg = Debug|x64
		{4E4F61B4-CA02-49BA-9BB0-6171000D4B61}.Debug|x64.Build.0 = Debug|x64
		{4E4F61B4-CA02-49BA-9BB0-6171000D4B61}.Debug|x86.ActiveCfg = Debug|x86
		{4E4F61B4-CA02-49BA-9BB0-6171000D4B61}.Debug|x86.Build.0 = Debug|x86
		{4E4F61B4-CA02-49BA-9BB0-6171000D4B61}.Release|Any CPU.ActiveCfg = Release|Any CPU
		{4E4F61B4-CA02-49BA-9BB0-6171000D4B61}.Release|Any CPU.Build.0 = Release|Any CPU
		{4E4F61B4-CA02-49BA-9BB0-6171000D4B61}.Release|x64.ActiveCfg = Release|x64
		{4E4F61B4-CA02-49BA-9BB0-6171000D4B61}.Release|x64.Build.0 = Release|x64
		{4E4F61B4-CA02-49BA-9BB0-6171000D4B61}.Release|x86.ActiveCfg = Release|x86
		{4E4F61B4-CA02-49BA-9BB0-6171000D4B61}.Release|x86.Build.0 = Release|x86
		{95850E7B-E218-40A2-B945-C69E9AF52334}.Debug|Any CPU.ActiveCfg = Debug|Any CPU
		{95850E7B-E218-40A2-B945-C69E9AF52334}.Debug|Any CPU.Build.0 = Debug|Any CPU
		{95850E7B-E218-40A2-B945-C69E9AF52334}.Debug|x64.ActiveCfg = Debug|x64
		{95850E7B-E218-40A2-B945-C69E9AF52334}.Debug|x64.Build.0 = Debug|x64
		{95850E7B-E218-40A2-B945-C69E9AF52334}.Debug|x86.ActiveCfg = Debug|x86
		{95850E7B-E218-40A2-B945-C69E9AF52334}.Debug|x86.Build.0 = Debug|x86
		{95850E7B-E218-40A2-B945-C69E9AF52334}.Release|Any CPU.ActiveCfg = Release|Any CPU
		{95850E7B-E218-40A2-B945-C69E9AF52334}.Release|Any CPU.Build.0 = Release|Any CPU
		{95850E7B-E218-40A2-B945-C69E9AF52334}.Release|x64.ActiveCfg = Release|x64
		{95850E7B-E218-40A2-B945-C69E9AF52334}.Release|x64.Build.0 = Release|x64
		{95850E7B-E218-40A2-B945-C69E9AF52334}.Release|x86.ActiveCfg = Release|x86
		{95850E7B-E218-40A2-B945-C69E9AF52334}.Release|x86.Build.0 = Release|x86
	EndGlobalSection
	GlobalSection(SolutionProperties) = preSolution
		HideSolutionNode = FALSE
	EndGlobalSection
	GlobalSection(ExtensibilityGlobals) = postSolution
		SolutionGuid = {886665D3-0552-4251-80D6-9F8C38BC9D30}
	EndGlobalSection
EndGlobal
